
Microsoft Visual Studio Solution File, Format Version 12.00
# Visual Studio Version 16
VisualStudioVersion = 16.0.30523.141
MinimumVisualStudioVersion = 10.0.40219.1
Project("{9A19103F-16F7-4668-BE54-9A1E7A4F7556}") = "eRestoran.WebAPI", "eRestoran.WebAPI\eRestoran.WebAPI.csproj", "{40F27380-4234-4F8E-AB7A-E9DD2B417838}"
EndProject
Project("{9A19103F-16F7-4668-BE54-9A1E7A4F7556}") = "eRestoran.Model", "eRestoran.Model\eRestoran.Model.csproj", "{DAA20BAB-BA95-46BE-849A-2458A78E077B}"
EndProject
Project("{2150E333-8FDC-42A3-9474-1A3956D46DE8}") = "UI", "UI", "{41C17598-547C-4B77-A840-66E93E1F2E2B}"
EndProject
Project("{FAE04EC0-301F-11D3-BF4B-00C04F79EFBC}") = "eRestoran.WinUI", "eRestoran.WinUI\eRestoran.WinUI.csproj", "{060FBDF6-0F8C-42FF-A0B5-1AE964EACB92}"
EndProject
Project("{2150E333-8FDC-42A3-9474-1A3956D46DE8}") = "Mobile", "Mobile", "{257CEAE0-5B47-436E-9568-9D522ADD5171}"
EndProject
Project("{FAE04EC0-301F-11D3-BF4B-00C04F79EFBC}") = "eRestoran.Mobile.UWP", "eRestoran.Mobile\eRestoran.Mobile.UWP\eRestoran.Mobile.UWP.csproj", "{F9150678-F517-40C4-8D29-D339CEE54980}"
EndProject
Project("{FAE04EC0-301F-11D3-BF4B-00C04F79EFBC}") = "eRestoran.Mobile.Android", "eRestoran.Mobile\eRestoran.Mobile.Android\eRestoran.Mobile.Android.csproj", "{D3F2FEE3-316E-40E8-913D-51BFEBB262A4}"
EndProject
Project("{FAE04EC0-301F-11D3-BF4B-00C04F79EFBC}") = "eRestoran.Mobile.iOS", "eRestoran.Mobile\eRestoran.Mobile.iOS\eRestoran.Mobile.iOS.csproj", "{9429BEC1-65D4-4115-B5F9-A5401E17D861}"
EndProject
Project("{FAE04EC0-301F-11D3-BF4B-00C04F79EFBC}") = "eRestoran.Mobile", "eRestoran.Mobile\eRestoran.Mobile\eRestoran.Mobile.csproj", "{206AF187-ECF6-4DC8-85C6-EFCE30AC4FFE}"
EndProject
Global
	GlobalSection(SolutionConfigurationPlatforms) = preSolution
		Debug|Any CPU = Debug|Any CPU
		Debug|ARM = Debug|ARM
		Debug|iPhone = Debug|iPhone
		Debug|iPhoneSimulator = Debug|iPhoneSimulator
		Debug|x64 = Debug|x64
		Debug|x86 = Debug|x86
		Release|Any CPU = Release|Any CPU
		Release|ARM = Release|ARM
		Release|iPhone = Release|iPhone
		Release|iPhoneSimulator = Release|iPhoneSimulator
		Release|x64 = Release|x64
		Release|x86 = Release|x86
	EndGlobalSection
	GlobalSection(ProjectConfigurationPlatforms) = postSolution
		{40F27380-4234-4F8E-AB7A-E9DD2B417838}.Debug|Any CPU.ActiveCfg = Debug|Any CPU
		{40F27380-4234-4F8E-AB7A-E9DD2B417838}.Debug|Any CPU.Build.0 = Debug|Any CPU
		{40F27380-4234-4F8E-AB7A-E9DD2B417838}.Debug|ARM.ActiveCfg = Debug|Any CPU
		{40F27380-4234-4F8E-AB7A-E9DD2B417838}.Debug|ARM.Build.0 = Debug|Any CPU
		{40F27380-4234-4F8E-AB7A-E9DD2B417838}.Debug|iPhone.ActiveCfg = Debug|Any CPU
		{40F27380-4234-4F8E-AB7A-E9DD2B417838}.Debug|iPhone.Build.0 = Debug|Any CPU
		{40F27380-4234-4F8E-AB7A-E9DD2B417838}.Debug|iPhoneSimulator.ActiveCfg = Debug|Any CPU
		{40F27380-4234-4F8E-AB7A-E9DD2B417838}.Debug|iPhoneSimulator.Build.0 = Debug|Any CPU
		{40F27380-4234-4F8E-AB7A-E9DD2B417838}.Debug|x64.ActiveCfg = Debug|Any CPU
		{40F27380-4234-4F8E-AB7A-E9DD2B417838}.Debug|x64.Build.0 = Debug|Any CPU
		{40F27380-4234-4F8E-AB7A-E9DD2B417838}.Debug|x86.ActiveCfg = Debug|Any CPU
		{40F27380-4234-4F8E-AB7A-E9DD2B417838}.Debug|x86.Build.0 = Debug|Any CPU
		{40F27380-4234-4F8E-AB7A-E9DD2B417838}.Release|Any CPU.ActiveCfg = Release|Any CPU
		{40F27380-4234-4F8E-AB7A-E9DD2B417838}.Release|Any CPU.Build.0 = Release|Any CPU
		{40F27380-4234-4F8E-AB7A-E9DD2B417838}.Release|ARM.ActiveCfg = Release|Any CPU
		{40F27380-4234-4F8E-AB7A-E9DD2B417838}.Release|ARM.Build.0 = Release|Any CPU
		{40F27380-4234-4F8E-AB7A-E9DD2B417838}.Release|iPhone.ActiveCfg = Release|Any CPU
		{40F27380-4234-4F8E-AB7A-E9DD2B417838}.Release|iPhone.Build.0 = Release|Any CPU
		{40F27380-4234-4F8E-AB7A-E9DD2B417838}.Release|iPhoneSimulator.ActiveCfg = Release|Any CPU
		{40F27380-4234-4F8E-AB7A-E9DD2B417838}.Release|iPhoneSimulator.Build.0 = Release|Any CPU
		{40F27380-4234-4F8E-AB7A-E9DD2B417838}.Release|x64.ActiveCfg = Release|Any CPU
		{40F27380-4234-4F8E-AB7A-E9DD2B417838}.Release|x64.Build.0 = Release|Any CPU
		{40F27380-4234-4F8E-AB7A-E9DD2B417838}.Release|x86.ActiveCfg = Release|Any CPU
		{40F27380-4234-4F8E-AB7A-E9DD2B417838}.Release|x86.Build.0 = Release|Any CPU
		{DAA20BAB-BA95-46BE-849A-2458A78E077B}.Debug|Any CPU.ActiveCfg = Debug|Any CPU
		{DAA20BAB-BA95-46BE-849A-2458A78E077B}.Debug|Any CPU.Build.0 = Debug|Any CPU
		{DAA20BAB-BA95-46BE-849A-2458A78E077B}.Debug|ARM.ActiveCfg = Debug|Any CPU
		{DAA20BAB-BA95-46BE-849A-2458A78E077B}.Debug|ARM.Build.0 = Debug|Any CPU
		{DAA20BAB-BA95-46BE-849A-2458A78E077B}.Debug|iPhone.ActiveCfg = Debug|Any CPU
		{DAA20BAB-BA95-46BE-849A-2458A78E077B}.Debug|iPhone.Build.0 = Debug|Any CPU
		{DAA20BAB-BA95-46BE-849A-2458A78E077B}.Debug|iPhoneSimulator.ActiveCfg = Debug|Any CPU
		{DAA20BAB-BA95-46BE-849A-2458A78E077B}.Debug|iPhoneSimulator.Build.0 = Debug|Any CPU
		{DAA20BAB-BA95-46BE-849A-2458A78E077B}.Debug|x64.ActiveCfg = Debug|Any CPU
		{DAA20BAB-BA95-46BE-849A-2458A78E077B}.Debug|x64.Build.0 = Debug|Any CPU
		{DAA20BAB-BA95-46BE-849A-2458A78E077B}.Debug|x86.ActiveCfg = Debug|Any CPU
		{DAA20BAB-BA95-46BE-849A-2458A78E077B}.Debug|x86.Build.0 = Debug|Any CPU
		{DAA20BAB-BA95-46BE-849A-2458A78E077B}.Release|Any CPU.ActiveCfg = Release|Any CPU
		{DAA20BAB-BA95-46BE-849A-2458A78E077B}.Release|Any CPU.Build.0 = Release|Any CPU
		{DAA20BAB-BA95-46BE-849A-2458A78E077B}.Release|ARM.ActiveCfg = Release|Any CPU
		{DAA20BAB-BA95-46BE-849A-2458A78E077B}.Release|ARM.Build.0 = Release|Any CPU
		{DAA20BAB-BA95-46BE-849A-2458A78E077B}.Release|iPhone.ActiveCfg = Release|Any CPU
		{DAA20BAB-BA95-46BE-849A-2458A78E077B}.Release|iPhone.Build.0 = Release|Any CPU
		{DAA20BAB-BA95-46BE-849A-2458A78E077B}.Release|iPhoneSimulator.ActiveCfg = Release|Any CPU
		{DAA20BAB-BA95-46BE-849A-2458A78E077B}.Release|iPhoneSimulator.Build.0 = Release|Any CPU
		{DAA20BAB-BA95-46BE-849A-2458A78E077B}.Release|x64.ActiveCfg = Release|Any CPU
		{DAA20BAB-BA95-46BE-849A-2458A78E077B}.Release|x64.Build.0 = Release|Any CPU
		{DAA20BAB-BA95-46BE-849A-2458A78E077B}.Release|x86.ActiveCfg = Release|Any CPU
		{DAA20BAB-BA95-46BE-849A-2458A78E077B}.Release|x86.Build.0 = Release|Any CPU
		{060FBDF6-0F8C-42FF-A0B5-1AE964EACB92}.Debug|Any CPU.ActiveCfg = Debug|Any CPU
		{060FBDF6-0F8C-42FF-A0B5-1AE964EACB92}.Debug|Any CPU.Build.0 = Debug|Any CPU
		{060FBDF6-0F8C-42FF-A0B5-1AE964EACB92}.Debug|ARM.ActiveCfg = Debug|Any CPU
		{060FBDF6-0F8C-42FF-A0B5-1AE964EACB92}.Debug|ARM.Build.0 = Debug|Any CPU
		{060FBDF6-0F8C-42FF-A0B5-1AE964EACB92}.Debug|iPhone.ActiveCfg = Debug|Any CPU
		{060FBDF6-0F8C-42FF-A0B5-1AE964EACB92}.Debug|iPhone.Build.0 = Debug|Any CPU
		{060FBDF6-0F8C-42FF-A0B5-1AE964EACB92}.Debug|iPhoneSimulator.ActiveCfg = Debug|Any CPU
		{060FBDF6-0F8C-42FF-A0B5-1AE964EACB92}.Debug|iPhoneSimulator.Build.0 = Debug|Any CPU
		{060FBDF6-0F8C-42FF-A0B5-1AE964EACB92}.Debug|x64.ActiveCfg = Debug|Any CPU
		{060FBDF6-0F8C-42FF-A0B5-1AE964EACB92}.Debug|x64.Build.0 = Debug|Any CPU
		{060FBDF6-0F8C-42FF-A0B5-1AE964EACB92}.Debug|x86.ActiveCfg = Debug|Any CPU
		{060FBDF6-0F8C-42FF-A0B5-1AE964EACB92}.Debug|x86.Build.0 = Debug|Any CPU
		{060FBDF6-0F8C-42FF-A0B5-1AE964EACB92}.Release|Any CPU.ActiveCfg = Release|Any CPU
		{060FBDF6-0F8C-42FF-A0B5-1AE964EACB92}.Release|Any CPU.Build.0 = Release|Any CPU
		{060FBDF6-0F8C-42FF-A0B5-1AE964EACB92}.Release|ARM.ActiveCfg = Release|Any CPU
		{060FBDF6-0F8C-42FF-A0B5-1AE964EACB92}.Release|ARM.Build.0 = Release|Any CPU
		{060FBDF6-0F8C-42FF-A0B5-1AE964EACB92}.Release|iPhone.ActiveCfg = Release|Any CPU
		{060FBDF6-0F8C-42FF-A0B5-1AE964EACB92}.Release|iPhone.Build.0 = Release|Any CPU
		{060FBDF6-0F8C-42FF-A0B5-1AE964EACB92}.Release|iPhoneSimulator.ActiveCfg = Release|Any CPU
		{060FBDF6-0F8C-42FF-A0B5-1AE964EACB92}.Release|iPhoneSimulator.Build.0 = Release|Any CPU
		{060FBDF6-0F8C-42FF-A0B5-1AE964EACB92}.Release|x64.ActiveCfg = Release|Any CPU
		{060FBDF6-0F8C-42FF-A0B5-1AE964EACB92}.Release|x64.Build.0 = Release|Any CPU
		{060FBDF6-0F8C-42FF-A0B5-1AE964EACB92}.Release|x86.ActiveCfg = Release|Any CPU
		{060FBDF6-0F8C-42FF-A0B5-1AE964EACB92}.Release|x86.Build.0 = Release|Any CPU
		{F9150678-F517-40C4-8D29-D339CEE54980}.Debug|Any CPU.ActiveCfg = Debug|x86
		{F9150678-F517-40C4-8D29-D339CEE54980}.Debug|Any CPU.Build.0 = Debug|x86
		{F9150678-F517-40C4-8D29-D339CEE54980}.Debug|Any CPU.Deploy.0 = Debug|x86
		{F9150678-F517-40C4-8D29-D339CEE54980}.Debug|ARM.ActiveCfg = Debug|ARM
		{F9150678-F517-40C4-8D29-D339CEE54980}.Debug|ARM.Build.0 = Debug|ARM
		{F9150678-F517-40C4-8D29-D339CEE54980}.Debug|ARM.Deploy.0 = Debug|ARM
		{F9150678-F517-40C4-8D29-D339CEE54980}.Debug|iPhone.ActiveCfg = Debug|x86
		{F9150678-F517-40C4-8D29-D339CEE54980}.Debug|iPhoneSimulator.ActiveCfg = Debug|x86
		{F9150678-F517-40C4-8D29-D339CEE54980}.Debug|x64.ActiveCfg = Debug|x64
		{F9150678-F517-40C4-8D29-D339CEE54980}.Debug|x64.Build.0 = Debug|x64
		{F9150678-F517-40C4-8D29-D339CEE54980}.Debug|x64.Deploy.0 = Debug|x64
		{F9150678-F517-40C4-8D29-D339CEE54980}.Debug|x86.ActiveCfg = Debug|x86
		{F9150678-F517-40C4-8D29-D339CEE54980}.Debug|x86.Build.0 = Debug|x86
		{F9150678-F517-40C4-8D29-D339CEE54980}.Debug|x86.Deploy.0 = Debug|x86
		{F9150678-F517-40C4-8D29-D339CEE54980}.Release|Any CPU.ActiveCfg = Release|x86
		{F9150678-F517-40C4-8D29-D339CEE54980}.Release|ARM.ActiveCfg = Release|ARM
		{F9150678-F517-40C4-8D29-D339CEE54980}.Release|ARM.Build.0 = Release|ARM
		{F9150678-F517-40C4-8D29-D339CEE54980}.Release|ARM.Deploy.0 = Release|ARM
		{F9150678-F517-40C4-8D29-D339CEE54980}.Release|iPhone.ActiveCfg = Release|x86
		{F9150678-F517-40C4-8D29-D339CEE54980}.Release|iPhoneSimulator.ActiveCfg = Release|x86
		{F9150678-F517-40C4-8D29-D339CEE54980}.Release|x64.ActiveCfg = Release|x64
		{F9150678-F517-40C4-8D29-D339CEE54980}.Release|x64.Build.0 = Release|x64
		{F9150678-F517-40C4-8D29-D339CEE54980}.Release|x64.Deploy.0 = Release|x64
		{F9150678-F517-40C4-8D29-D339CEE54980}.Release|x86.ActiveCfg = Release|x86
		{F9150678-F517-40C4-8D29-D339CEE54980}.Release|x86.Build.0 = Release|x86
		{F9150678-F517-40C4-8D29-D339CEE54980}.Release|x86.Deploy.0 = Release|x86
		{D3F2FEE3-316E-40E8-913D-51BFEBB262A4}.Debug|Any CPU.ActiveCfg = Debug|Any CPU
		{D3F2FEE3-316E-40E8-913D-51BFEBB262A4}.Debug|Any CPU.Build.0 = Debug|Any CPU
		{D3F2FEE3-316E-40E8-913D-51BFEBB262A4}.Debug|ARM.ActiveCfg = Debug|Any CPU
		{D3F2FEE3-316E-40E8-913D-51BFEBB262A4}.Debug|ARM.Build.0 = Debug|Any CPU
		{D3F2FEE3-316E-40E8-913D-51BFEBB262A4}.Debug|ARM.Deploy.0 = Debug|Any CPU
		{D3F2FEE3-316E-40E8-913D-51BFEBB262A4}.Debug|iPhone.ActiveCfg = Debug|Any CPU
		{D3F2FEE3-316E-40E8-913D-51BFEBB262A4}.Debug|iPhone.Build.0 = Debug|Any CPU
		{D3F2FEE3-316E-40E8-913D-51BFEBB262A4}.Debug|iPhone.Deploy.0 = Debug|Any CPU
		{D3F2FEE3-316E-40E8-913D-51BFEBB262A4}.Debug|iPhoneSimulator.ActiveCfg = Debug|Any CPU
		{D3F2FEE3-316E-40E8-913D-51BFEBB262A4}.Debug|iPhoneSimulator.Build.0 = Debug|Any CPU
		{D3F2FEE3-316E-40E8-913D-51BFEBB262A4}.Debug|iPhoneSimulator.Deploy.0 = Debug|Any CPU
		{D3F2FEE3-316E-40E8-913D-51BFEBB262A4}.Debug|x64.ActiveCfg = Debug|Any CPU
		{D3F2FEE3-316E-40E8-913D-51BFEBB262A4}.Debug|x64.Build.0 = Debug|Any CPU
		{D3F2FEE3-316E-40E8-913D-51BFEBB262A4}.Debug|x64.Deploy.0 = Debug|Any CPU
		{D3F2FEE3-316E-40E8-913D-51BFEBB262A4}.Debug|x86.ActiveCfg = Debug|Any CPU
		{D3F2FEE3-316E-40E8-913D-51BFEBB262A4}.Debug|x86.Build.0 = Debug|Any CPU
		{D3F2FEE3-316E-40E8-913D-51BFEBB262A4}.Debug|x86.Deploy.0 = Debug|Any CPU
		{D3F2FEE3-316E-40E8-913D-51BFEBB262A4}.Release|Any CPU.ActiveCfg = Release|Any CPU
		{D3F2FEE3-316E-40E8-913D-51BFEBB262A4}.Release|Any CPU.Build.0 = Release|Any CPU
		{D3F2FEE3-316E-40E8-913D-51BFEBB262A4}.Release|Any CPU.Deploy.0 = Release|Any CPU
		{D3F2FEE3-316E-40E8-913D-51BFEBB262A4}.Release|ARM.ActiveCfg = Release|Any CPU
		{D3F2FEE3-316E-40E8-913D-51BFEBB262A4}.Release|ARM.Build.0 = Release|Any CPU
		{D3F2FEE3-316E-40E8-913D-51BFEBB262A4}.Release|ARM.Deploy.0 = Release|Any CPU
		{D3F2FEE3-316E-40E8-913D-51BFEBB262A4}.Release|iPhone.ActiveCfg = Release|Any CPU
		{D3F2FEE3-316E-40E8-913D-51BFEBB262A4}.Release|iPhone.Build.0 = Release|Any CPU
		{D3F2FEE3-316E-40E8-913D-51BFEBB262A4}.Release|iPhone.Deploy.0 = Release|Any CPU
		{D3F2FEE3-316E-40E8-913D-51BFEBB262A4}.Release|iPhoneSimulator.ActiveCfg = Release|Any CPU
		{D3F2FEE3-316E-40E8-913D-51BFEBB262A4}.Release|iPhoneSimulator.Build.0 = Release|Any CPU
		{D3F2FEE3-316E-40E8-913D-51BFEBB262A4}.Release|iPhoneSimulator.Deploy.0 = Release|Any CPU
		{D3F2FEE3-316E-40E8-913D-51BFEBB262A4}.Release|x64.ActiveCfg = Release|Any CPU
		{D3F2FEE3-316E-40E8-913D-51BFEBB262A4}.Release|x64.Build.0 = Release|Any CPU
		{D3F2FEE3-316E-40E8-913D-51BFEBB262A4}.Release|x64.Deploy.0 = Release|Any CPU
		{D3F2FEE3-316E-40E8-913D-51BFEBB262A4}.Release|x86.ActiveCfg = Release|Any CPU
		{D3F2FEE3-316E-40E8-913D-51BFEBB262A4}.Release|x86.Build.0 = Release|Any CPU
		{D3F2FEE3-316E-40E8-913D-51BFEBB262A4}.Release|x86.Deploy.0 = Release|Any CPU
		{9429BEC1-65D4-4115-B5F9-A5401E17D861}.Debug|Any CPU.ActiveCfg = Debug|iPhoneSimulator
		{9429BEC1-65D4-4115-B5F9-A5401E17D861}.Debug|Any CPU.Build.0 = Debug|iPhoneSimulator
		{9429BEC1-65D4-4115-B5F9-A5401E17D861}.Debug|ARM.ActiveCfg = Debug|iPhoneSimulator
		{9429BEC1-65D4-4115-B5F9-A5401E17D861}.Debug|iPhone.ActiveCfg = Debug|iPhone
		{9429BEC1-65D4-4115-B5F9-A5401E17D861}.Debug|iPhone.Build.0 = Debug|iPhone
		{9429BEC1-65D4-4115-B5F9-A5401E17D861}.Debug|iPhoneSimulator.ActiveCfg = Debug|iPhoneSimulator
		{9429BEC1-65D4-4115-B5F9-A5401E17D861}.Debug|iPhoneSimulator.Build.0 = Debug|iPhoneSimulator
		{9429BEC1-65D4-4115-B5F9-A5401E17D861}.Debug|x64.ActiveCfg = Debug|iPhoneSimulator
		{9429BEC1-65D4-4115-B5F9-A5401E17D861}.Debug|x86.ActiveCfg = Debug|iPhoneSimulator
		{9429BEC1-65D4-4115-B5F9-A5401E17D861}.Release|Any CPU.ActiveCfg = Release|iPhoneSimulator
		{9429BEC1-65D4-4115-B5F9-A5401E17D861}.Release|ARM.ActiveCfg = Release|iPhoneSimulator
		{9429BEC1-65D4-4115-B5F9-A5401E17D861}.Release|iPhone.ActiveCfg = Release|iPhone
		{9429BEC1-65D4-4115-B5F9-A5401E17D861}.Release|iPhone.Build.0 = Release|iPhone
		{9429BEC1-65D4-4115-B5F9-A5401E17D861}.Release|iPhoneSimulator.ActiveCfg = Release|iPhoneSimulator
		{9429BEC1-65D4-4115-B5F9-A5401E17D861}.Release|iPhoneSimulator.Build.0 = Release|iPhoneSimulator
		{9429BEC1-65D4-4115-B5F9-A5401E17D861}.Release|x64.ActiveCfg = Release|iPhoneSimulator
		{9429BEC1-65D4-4115-B5F9-A5401E17D861}.Release|x86.ActiveCfg = Release|iPhoneSimulator
		{206AF187-ECF6-4DC8-85C6-EFCE30AC4FFE}.Debug|Any CPU.ActiveCfg = Debug|Any CPU
		{206AF187-ECF6-4DC8-85C6-EFCE30AC4FFE}.Debug|Any CPU.Build.0 = Debug|Any CPU
		{206AF187-ECF6-4DC8-85C6-EFCE30AC4FFE}.Debug|ARM.ActiveCfg = Debug|Any CPU
		{206AF187-ECF6-4DC8-85C6-EFCE30AC4FFE}.Debug|ARM.Build.0 = Debug|Any CPU
		{206AF187-ECF6-4DC8-85C6-EFCE30AC4FFE}.Debug|iPhone.ActiveCfg = Debug|Any CPU
		{206AF187-ECF6-4DC8-85C6-EFCE30AC4FFE}.Debug|iPhone.Build.0 = Debug|Any CPU
		{206AF187-ECF6-4DC8-85C6-EFCE30AC4FFE}.Debug|iPhoneSimulator.ActiveCfg = Debug|Any CPU
		{206AF187-ECF6-4DC8-85C6-EFCE30AC4FFE}.Debug|iPhoneSimulator.Build.0 = Debug|Any CPU
		{206AF187-ECF6-4DC8-85C6-EFCE30AC4FFE}.Debug|x64.ActiveCfg = Debug|Any CPU
		{206AF187-ECF6-4DC8-85C6-EFCE30AC4FFE}.Debug|x64.Build.0 = Debug|Any CPU
		{206AF187-ECF6-4DC8-85C6-EFCE30AC4FFE}.Debug|x86.ActiveCfg = Debug|Any CPU
		{206AF187-ECF6-4DC8-85C6-EFCE30AC4FFE}.Debug|x86.Build.0 = Debug|Any CPU
		{206AF187-ECF6-4DC8-85C6-EFCE30AC4FFE}.Release|Any CPU.ActiveCfg = Release|Any CPU
		{206AF187-ECF6-4DC8-85C6-EFCE30AC4FFE}.Release|Any CPU.Build.0 = Release|Any CPU
		{206AF187-ECF6-4DC8-85C6-EFCE30AC4FFE}.Release|ARM.ActiveCfg = Release|Any CPU
		{206AF187-ECF6-4DC8-85C6-EFCE30AC4FFE}.Release|ARM.Build.0 = Release|Any CPU
		{206AF187-ECF6-4DC8-85C6-EFCE30AC4FFE}.Release|iPhone.ActiveCfg = Release|Any CPU
		{206AF187-ECF6-4DC8-85C6-EFCE30AC4FFE}.Release|iPhone.Build.0 = Release|Any CPU
		{206AF187-ECF6-4DC8-85C6-EFCE30AC4FFE}.Release|iPhoneSimulator.ActiveCfg = Release|Any CPU
		{206AF187-ECF6-4DC8-85C6-EFCE30AC4FFE}.Release|iPhoneSimulator.Build.0 = Release|Any CPU
		{206AF187-ECF6-4DC8-85C6-EFCE30AC4FFE}.Release|x64.ActiveCfg = Release|Any CPU
		{206AF187-ECF6-4DC8-85C6-EFCE30AC4FFE}.Release|x64.Build.0 = Release|Any CPU
		{206AF187-ECF6-4DC8-85C6-EFCE30AC4FFE}.Release|x86.ActiveCfg = Release|Any CPU
		{206AF187-ECF6-4DC8-85C6-EFCE30AC4FFE}.Release|x86.Build.0 = Release|Any CPU
	EndGlobalSection
	GlobalSection(SolutionProperties) = preSolution
		HideSolutionNode = FALSE
	EndGlobalSection
	GlobalSection(NestedProjects) = preSolution
		{060FBDF6-0F8C-42FF-A0B5-1AE964EACB92} = {41C17598-547C-4B77-A840-66E93E1F2E2B}
		{F9150678-F517-40C4-8D29-D339CEE54980} = {257CEAE0-5B47-436E-9568-9D522ADD5171}
		{D3F2FEE3-316E-40E8-913D-51BFEBB262A4} = {257CEAE0-5B47-436E-9568-9D522ADD5171}
		{9429BEC1-65D4-4115-B5F9-A5401E17D861} = {257CEAE0-5B47-436E-9568-9D522ADD5171}
		{206AF187-ECF6-4DC8-85C6-EFCE30AC4FFE} = {257CEAE0-5B47-436E-9568-9D522ADD5171}
	EndGlobalSection
	GlobalSection(ExtensibilityGlobals) = postSolution
		SolutionGuid = {83C2A894-CF82-4EAD-AF5A-595EB3328592}
	EndGlobalSection
EndGlobal
